// !$*UTF8*$!
{
	archiveVersion = 1;
	classes = {
	};
	objectVersion = 50;
	objects = {

/* Begin PBXBuildFile section */
		DD4F686A26690E4B008CED0B /* Assets.xcassets in Resources */ = {isa = PBXBuildFile; fileRef = DD4F686926690E4B008CED0B /* Assets.xcassets */; };
		DD4F686D26690E4B008CED0B /* Preview Assets.xcassets in Resources */ = {isa = PBXBuildFile; fileRef = DD4F686C26690E4B008CED0B /* Preview Assets.xcassets */; };
		DD4F687A26690E9B008CED0B /* QuotesViewModel.swift in Sources */ = {isa = PBXBuildFile; fileRef = DD4F687526690E9B008CED0B /* QuotesViewModel.swift */; };
		DD4F687D26690E9B008CED0B /* QuotationApp.swift in Sources */ = {isa = PBXBuildFile; fileRef = DD4F687826690E9B008CED0B /* QuotationApp.swift */; };
		DD4F687E26690E9B008CED0B /* QuotesView.swift in Sources */ = {isa = PBXBuildFile; fileRef = DD4F687926690E9B008CED0B /* QuotesView.swift */; };
		DD4F688726690F1F008CED0B /* ModelLoader.swift in Sources */ = {isa = PBXBuildFile; fileRef = DD4F688526690F1F008CED0B /* ModelLoader.swift */; };
		DD4F688826690F1F008CED0B /* Quote.swift in Sources */ = {isa = PBXBuildFile; fileRef = DD4F688626690F1F008CED0B /* Quote.swift */; };
		DD4F688D26690F3A008CED0B /* quotes.json in Resources */ = {isa = PBXBuildFile; fileRef = DD4F688C26690F3A008CED0B /* quotes.json */; };
/* End PBXBuildFile section */

/* Begin PBXFileReference section */
		DD4F686226690E44008CED0B /* Quotation App.app */ = {isa = PBXFileReference; explicitFileType = wrapper.application; includeInIndex = 0; path = "Quotation App.app"; sourceTree = BUILT_PRODUCTS_DIR; };
		DD4F686926690E4B008CED0B /* Assets.xcassets */ = {isa = PBXFileReference; lastKnownFileType = folder.assetcatalog; path = Assets.xcassets; sourceTree = "<group>"; };
		DD4F686C26690E4B008CED0B /* Preview Assets.xcassets */ = {isa = PBXFileReference; lastKnownFileType = folder.assetcatalog; path = "Preview Assets.xcassets"; sourceTree = "<group>"; };
		DD4F686E26690E4B008CED0B /* Info.plist */ = {isa = PBXFileReference; lastKnownFileType = text.plist.xml; path = Info.plist; sourceTree = "<group>"; };
		DD4F687526690E9B008CED0B /* QuotesViewModel.swift */ = {isa = PBXFileReference; fileEncoding = 4; lastKnownFileType = sourcecode.swift; path = QuotesViewModel.swift; sourceTree = "<group>"; };
		DD4F687826690E9B008CED0B /* QuotationApp.swift */ = {isa = PBXFileReference; fileEncoding = 4; lastKnownFileType = sourcecode.swift; path = QuotationApp.swift; sourceTree = "<group>"; };
		DD4F687926690E9B008CED0B /* QuotesView.swift */ = {isa = PBXFileReference; fileEncoding = 4; lastKnownFileType = sourcecode.swift; path = QuotesView.swift; sourceTree = "<group>"; };
		DD4F688526690F1F008CED0B /* ModelLoader.swift */ = {isa = PBXFileReference; fileEncoding = 4; lastKnownFileType = sourcecode.swift; path = ModelLoader.swift; sourceTree = "<group>"; };
		DD4F688626690F1F008CED0B /* Quote.swift */ = {isa = PBXFileReference; fileEncoding = 4; lastKnownFileType = sourcecode.swift; path = Quote.swift; sourceTree = "<group>"; };
		DD4F688C26690F3A008CED0B /* quotes.json */ = {isa = PBXFileReference; fileEncoding = 4; lastKnownFileType = text.json; path = quotes.json; sourceTree = "<group>"; };
/* End PBXFileReference section */

/* Begin PBXFrameworksBuildPhase section */
		DD4F685F26690E44008CED0B /* Frameworks */ = {
			isa = PBXFrameworksBuildPhase;
			buildActionMask = 2147483647;
			files = (
			);
			runOnlyForDeploymentPostprocessing = 0;
		};
/* End PBXFrameworksBuildPhase section */

/* Begin PBXGroup section */
		DD4F685926690E44008CED0B = {
			isa = PBXGroup;
			children = (
				DD4F686426690E44008CED0B /* Quotation App */,
				DD4F686326690E44008CED0B /* Products */,
			);
			sourceTree = "<group>";
		};
		DD4F686326690E44008CED0B /* Products */ = {
			isa = PBXGroup;
			children = (
				DD4F686226690E44008CED0B /* Quotation App.app */,
			);
			name = Products;
			sourceTree = "<group>";
		};
		DD4F686426690E44008CED0B /* Quotation App */ = {
			isa = PBXGroup;
			children = (
				DD4F687826690E9B008CED0B /* QuotationApp.swift */,
				DD4F687926690E9B008CED0B /* QuotesView.swift */,
				DD4F687526690E9B008CED0B /* QuotesViewModel.swift */,
				DD4F688A26690F21008CED0B /* SupportingFiles */,
				DD4F688426690F0B008CED0B /* Shared */,
				DD4F686926690E4B008CED0B /* Assets.xcassets */,
				DD4F686E26690E4B008CED0B /* Info.plist */,
				DD4F686B26690E4B008CED0B /* Preview Content */,
			);
			path = "Quotation App";
			sourceTree = "<group>";
		};
		DD4F686B26690E4B008CED0B /* Preview Content */ = {
			isa = PBXGroup;
			children = (
				DD4F686C26690E4B008CED0B /* Preview Assets.xcassets */,
			);
			path = "Preview Content";
			sourceTree = "<group>";
		};
		DD4F688426690F0B008CED0B /* Shared */ = {
			isa = PBXGroup;
			children = (
				DD4F688526690F1F008CED0B /* ModelLoader.swift */,
				DD4F688626690F1F008CED0B /* Quote.swift */,
			);
			path = Shared;
			sourceTree = "<group>";
		};
		DD4F688A26690F21008CED0B /* SupportingFiles */ = {
			isa = PBXGroup;
			children = (
				DD4F688C26690F3A008CED0B /* quotes.json */,
			);
			path = SupportingFiles;
			sourceTree = "<group>";
		};
/* End PBXGroup section */

/* Begin PBXNativeTarget section */
		DD4F686126690E44008CED0B /* Quotation App */ = {
			isa = PBXNativeTarget;
			buildConfigurationList = DD4F687126690E4B008CED0B /* Build configuration list for PBXNativeTarget "Quotation App" */;
			buildPhases = (
				DD4F685E26690E44008CED0B /* Sources */,
				DD4F685F26690E44008CED0B /* Frameworks */,
				DD4F686026690E44008CED0B /* Resources */,
			);
			buildRules = (
			);
			dependencies = (
			);
			name = "Quotation App";
			productName = "Quotation App";
			productReference = DD4F686226690E44008CED0B /* Quotation App.app */;
			productType = "com.apple.product-type.application";
		};
/* End PBXNativeTarget section */

/* Begin PBXProject section */
		DD4F685A26690E44008CED0B /* Project object */ = {
			isa = PBXProject;
			attributes = {
				LastSwiftUpdateCheck = 1240;
				LastUpgradeCheck = 1240;
				TargetAttributes = {
					DD4F686126690E44008CED0B = {
						CreatedOnToolsVersion = 12.4;
					};
				};
			};
			buildConfigurationList = DD4F685D26690E44008CED0B /* Build configuration list for PBXProject "Quotation App" */;
			compatibilityVersion = "Xcode 9.3";
			developmentRegion = en;
			hasScannedForEncodings = 0;
			knownRegions = (
				en,
				Base,
			);
			mainGroup = DD4F685926690E44008CED0B;
			productRefGroup = DD4F686326690E44008CED0B /* Products */;
			projectDirPath = "";
			projectRoot = "";
			targets = (
				DD4F686126690E44008CED0B /* Quotation App */,
			);
		};
/* End PBXProject section */

/* Begin PBXResourcesBuildPhase section */
		DD4F686026690E44008CED0B /* Resources */ = {
			isa = PBXResourcesBuildPhase;
			buildActionMask = 2147483647;
			files = (
				DD4F686D26690E4B008CED0B /* Preview Assets.xcassets in Resources */,
				DD4F686A26690E4B008CED0B /* Assets.xcassets in Resources */,
				DD4F688D26690F3A008CED0B /* quotes.json in Resources */,
			);
			runOnlyForDeploymentPostprocessing = 0;
		};
/* End PBXResourcesBuildPhase section */

/* Begin PBXSourcesBuildPhase section */
		DD4F685E26690E44008CED0B /* Sources */ = {
			isa = PBXSourcesBuildPhase;
			buildActionMask = 2147483647;
			files = (
				DD4F688726690F1F008CED0B /* ModelLoader.swift in Sources */,
				DD4F687A26690E9B008CED0B /* QuotesViewModel.swift in Sources */,
				DD4F687D26690E9B008CED0B /* QuotationApp.swift in Sources */,
				DD4F688826690F1F008CED0B /* Quote.swift in Sources */,
				DD4F687E26690E9B008CED0B /* QuotesView.swift in Sources */,
			);
			runOnlyForDeploymentPostprocessing = 0;
		};
/* End PBXSourcesBuildPhase section */

/* Begin XCBuildConfiguration section */
		DD4F686F26690E4B008CED0B /* Debug */ = {
			isa = XCBuildConfiguration;
			buildSettings = {
				ALWAYS_SEARCH_USER_PATHS = NO;
				CLANG_ANALYZER_NONNULL = YES;
				CLANG_ANALYZER_NUMBER_OBJECT_CONVERSION = YES_AGGRESSIVE;
				CLANG_CXX_LANGUAGE_STANDARD = "gnu++14";
				CLANG_CXX_LIBRARY = "libc++";
				CLANG_ENABLE_MODULES = YES;
				CLANG_ENABLE_OBJC_ARC = YES;
				CLANG_ENABLE_OBJC_WEAK = YES;
				CLANG_WARN_BLOCK_CAPTURE_AUTORELEASING = YES;
				CLANG_WARN_BOOL_CONVERSION = YES;
				CLANG_WARN_COMMA = YES;
				CLANG_WARN_CONSTANT_CONVERSION = YES;
				CLANG_WARN_DEPRECATED_OBJC_IMPLEMENTATIONS = YES;
				CLANG_WARN_DIRECT_OBJC_ISA_USAGE = YES_ERROR;
				CLANG_WARN_DOCUMENTATION_COMMENTS = YES;
				CLANG_WARN_EMPTY_BODY = YES;
				CLANG_WARN_ENUM_CONVERSION = YES;
				CLANG_WARN_INFINITE_RECURSION = YES;
				CLANG_WARN_INT_CONVERSION = YES;
				CLANG_WARN_NON_LITERAL_NULL_CONVERSION = YES;
				CLANG_WARN_OBJC_IMPLICIT_RETAIN_SELF = YES;
				CLANG_WARN_OBJC_LITERAL_CONVERSION = YES;
				CLANG_WARN_OBJC_ROOT_CLASS = YES_ERROR;
				CLANG_WARN_QUOTED_INCLUDE_IN_FRAMEWORK_HEADER = YES;
				CLANG_WARN_RANGE_LOOP_ANALYSIS = YES;
				CLANG_WARN_STRICT_PROTOTYPES = YES;
				CLANG_WARN_SUSPICIOUS_MOVE = YES;
				CLANG_WARN_UNGUARDED_AVAILABILITY = YES_AGGRESSIVE;
				CLANG_WARN_UNREACHABLE_CODE = YES;
				CLANG_WARN__DUPLICATE_METHOD_MATCH = YES;
				COPY_PHASE_STRIP = NO;
				DEBUG_INFORMATION_FORMAT = dwarf;
				ENABLE_STRICT_OBJC_MSGSEND = YES;
				ENABLE_TESTABILITY = YES;
				GCC_C_LANGUAGE_STANDARD = gnu11;
				GCC_DYNAMIC_NO_PIC = NO;
				GCC_NO_COMMON_BLOCKS = YES;
				GCC_OPTIMIZATION_LEVEL = 0;
				GCC_PREPROCESSOR_DEFINITIONS = (
					"DEBUG=1",
					"$(inherited)",
				);
				GCC_WARN_64_TO_32_BIT_CONVERSION = YES;
				GCC_WARN_ABOUT_RETURN_TYPE = YES_ERROR;
				GCC_WARN_UNDECLARED_SELECTOR = YES;
				GCC_WARN_UNINITIALIZED_AUTOS = YES_AGGRESSIVE;
				GCC_WARN_UNUSED_FUNCTION = YES;
				GCC_WARN_UNUSED_VARIABLE = YES;
				IPHONEOS_DEPLOYMENT_TARGET = 14.4;
				MTL_ENABLE_DEBUG_INFO = INCLUDE_SOURCE;
				MTL_FAST_MATH = YES;
				ONLY_ACTIVE_ARCH = YES;
				SDKROOT = iphoneos;
				SWIFT_ACTIVE_COMPILATION_CONDITIONS = DEBUG;
				SWIFT_OPTIMIZATION_LEVEL = "-Onone";
			};
			name = Debug;
		};
		DD4F687026690E4B008CED0B /* Release */ = {
			isa = XCBuildConfiguration;
			buildSettings = {
				ALWAYS_SEARCH_USER_PATHS = NO;
				CLANG_ANALYZER_NONNULL = YES;
				CLANG_ANALYZER_NUMBER_OBJECT_CONVERSION = YES_AGGRESSIVE;
				CLANG_CXX_LANGUAGE_STANDARD = "gnu++14";
				CLANG_CXX_LIBRARY = "libc++";
				CLANG_ENABLE_MODULES = YES;
				CLANG_ENABLE_OBJC_ARC = YES;
				CLANG_ENABLE_OBJC_WEAK = YES;
				CLANG_WARN_BLOCK_CAPTURE_AUTORELEASING = YES;
				CLANG_WARN_BOOL_CONVERSION = YES;
				CLANG_WARN_COMMA = YES;
				CLANG_WARN_CONSTANT_CONVERSION = YES;
				CLANG_WARN_DEPRECATED_OBJC_IMPLEMENTATIONS = YES;
				CLANG_WARN_DIRECT_OBJC_ISA_USAGE = YES_ERROR;
				CLANG_WARN_DOCUMENTATION_COMMENTS = YES;
				CLANG_WARN_EMPTY_BODY = YES;
				CLANG_WARN_ENUM_CONVERSION = YES;
				CLANG_WARN_INFINITE_RECURSION = YES;
				CLANG_WARN_INT_CONVERSION = YES;
				CLANG_WARN_NON_LITERAL_NULL_CONVERSION = YES;
				CLANG_WARN_OBJC_IMPLICIT_RETAIN_SELF = YES;
				CLANG_WARN_OBJC_LITERAL_CONVERSION = YES;
				CLANG_WARN_OBJC_ROOT_CLASS = YES_ERROR;
				CLANG_WARN_QUOTED_INCLUDE_IN_FRAMEWORK_HEADER = YES;
				CLANG_WARN_RANGE_LOOP_ANALYSIS = YES;
				CLANG_WARN_STRICT_PROTOTYPES = YES;
				CLANG_WARN_SUSPICIOUS_MOVE = YES;
				CLANG_WARN_UNGUARDED_AVAILABILITY = YES_AGGRESSIVE;
				CLANG_WARN_UNREACHABLE_CODE = YES;
				CLANG_WARN__DUPLICATE_METHOD_MATCH = YES;
				COPY_PHASE_STRIP = NO;
				DEBUG_INFORMATION_FORMAT = "dwarf-with-dsym";
				ENABLE_NS_ASSERTIONS = NO;
				ENABLE_STRICT_OBJC_MSGSEND = YES;
				GCC_C_LANGUAGE_STANDARD = gnu11;
				GCC_NO_COMMON_BLOCKS = YES;
				GCC_WARN_64_TO_32_BIT_CONVERSION = YES;
				GCC_WARN_ABOUT_RETURN_TYPE = YES_ERROR;
				GCC_WARN_UNDECLARED_SELECTOR = YES;
				GCC_WARN_UNINITIALIZED_AUTOS = YES_AGGRESSIVE;
				GCC_WARN_UNUSED_FUNCTION = YES;
				GCC_WARN_UNUSED_VARIABLE = YES;
				IPHONEOS_DEPLOYMENT_TARGET = 14.4;
				MTL_ENABLE_DEBUG_INFO = NO;
				MTL_FAST_MATH = YES;
				SDKROOT = iphoneos;
				SWIFT_COMPILATION_MODE = wholemodule;
				SWIFT_OPTIMIZATION_LEVEL = "-O";
				VALIDATE_PRODUCT = YES;
			};
			name = Release;
		};
		DD4F687226690E4B008CED0B /* Debug */ = {
			isa = XCBuildConfiguration;
			buildSettings = {
				ASSETCATALOG_COMPILER_APPICON_NAME = AppIcon;
				ASSETCATALOG_COMPILER_GLOBAL_ACCENT_COLOR_NAME = AccentColor;
				CODE_SIGN_STYLE = Automatic;
				DEVELOPMENT_ASSET_PATHS = "\"Quotation App/Preview Content\"";
				DEVELOPMENT_TEAM = VLV7GQ8747;
				ENABLE_PREVIEWS = YES;
				INFOPLIST_FILE = "Quotation App/Info.plist";
				IPHONEOS_DEPLOYMENT_TARGET = 14.0;
				LD_RUNPATH_SEARCH_PATHS = (
					"$(inherited)",
					"@executable_path/Frameworks",
				);
				PRODUCT_BUNDLE_IDENTIFIER = "sydykovislam.Quotation-App";
				PRODUCT_NAME = "$(TARGET_NAME)";
				SWIFT_VERSION = 5.0;
				TARGETED_DEVICE_FAMILY = "1,2";
			};
			name = Debug;
		};
		DD4F687326690E4B008CED0B /* Release */ = {
			isa = XCBuildConfiguration;
			buildSettings = {
				ASSETCATALOG_COMPILER_APPICON_NAME = AppIcon;
				ASSETCATALOG_COMPILER_GLOBAL_ACCENT_COLOR_NAME = AccentColor;
				CODE_SIGN_STYLE = Automatic;
				DEVELOPMENT_ASSET_PATHS = "\"Quotation App/Preview Content\"";
				DEVELOPMENT_TEAM = VLV7GQ8747;
				ENABLE_PREVIEWS = YES;
				INFOPLIST_FILE = "Quotation App/Info.plist";
				IPHONEOS_DEPLOYMENT_TARGET = 14.0;
				LD_RUNPATH_SEARCH_PATHS = (
					"$(inherited)",
					"@executable_path/Frameworks",
				);
				PRODUCT_BUNDLE_IDENTIFIER = "sydykovislam.Quotation-App";
				PRODUCT_NAME = "$(TARGET_NAME)";
				SWIFT_VERSION = 5.0;
				TARGETED_DEVICE_FAMILY = "1,2";
			};
			name = Release;
		};
/* End XCBuildConfiguration section */

/* Begin XCConfigurationList section */
		DD4F685D26690E44008CED0B /* Build configuration list for PBXProject "Quotation App" */ = {
			isa = XCConfigurationList;
			buildConfigurations = (
				DD4F686F26690E4B008CED0B /* Debug */,
				DD4F687026690E4B008CED0B /* Release */,
			);
			defaultConfigurationIsVisible = 0;
			defaultConfigurationName = Release;
		};
		DD4F687126690E4B008CED0B /* Build configuration list for PBXNativeTarget "Quotation App" */ = {
			isa = XCConfigurationList;
			buildConfigurations = (
				DD4F687226690E4B008CED0B /* Debug */,
				DD4F687326690E4B008CED0B /* Release */,
			);
			defaultConfigurationIsVisible = 0;
			defaultConfigurationName = Release;
		};
/* End XCConfigurationList section */
	};
	rootObject = DD4F685A26690E44008CED0B /* Project object */;
}
